# THIS IS AN AUTOGENERATED FILE. DO NOT EDIT THIS FILE DIRECTLY.
# yarn lockfile v1


"@tabler/icons@^1.101.0":
  version "1.101.0"
  resolved "https://registry.yarnpkg.com/@tabler/icons/-/icons-1.101.0.tgz#fc0bbcf55878a858c89a492d9900cdb0b8488a62"
  integrity sha512-3DXsgQRpxSMQMNGQbFndYWPGNlxRKnl3I1p11i7kT6eEJTY2Noc7J37gg25MoxVIs57m+fUI6Qux1X7i9fiobw==
